// !$*UTF8*$!
{
	archiveVersion = 1;
	classes = {
	};
	objectVersion = 77;
	objects = {

/* Begin PBXBuildFile section */
		E1E100000000000000000D43 /* WaypointApp.swift in Sources */ = {isa = PBXBuildFile; fileRef = E1E100000000000000000D47 /* WaypointApp.swift */; };
		E1E100000000000000000D4D /* WaypointAppIntents.swift in Sources */ = {isa = PBXBuildFile; fileRef = E1E100000000000000000D4E /* WaypointAppIntents.swift */; };
		4905A2C82A2058D400AEDA2E /* KeyboardShortcuts in Frameworks */ = {isa = PBXBuildFile; productRef = 4905A2C72A2058D400AEDA2E /* KeyboardShortcuts */; };
		4908087B29F8F405007A4944 /* libresolv.tbd in Frameworks */ = {isa = PBXBuildFile; fileRef = 4908087A29F8F3FF007A4944 /* libresolv.tbd */; };
		491E6203258A424D00313AEF /* CommonUtils.m in Sources */ = {isa = PBXBuildFile; fileRef = 491E61FD258A424500313AEF /* CommonUtils.m */; };
		4929F677258CD89B00A435F6 /* Country.mmdb.gz in Resources */ = {isa = PBXBuildFile; fileRef = 4929F676258CD89B00A435F6 /* Country.mmdb.gz */; };
		4929F684258CE07500A435F6 /* UserDefaultWrapper.swift in Sources */ = {isa = PBXBuildFile; fileRef = 4929F683258CE07500A435F6 /* UserDefaultWrapper.swift */; };
		49722FEF211F338B00650A41 /* FileEvent.swift in Sources */ = {isa = PBXBuildFile; fileRef = 49722FEA211F338B00650A41 /* FileEvent.swift */; };
		49722FF0211F338B00650A41 /* EventStream.swift in Sources */ = {isa = PBXBuildFile; fileRef = 49722FEB211F338B00650A41 /* EventStream.swift */; };
		49722FF1211F338B00650A41 /* Witness.swift in Sources */ = {isa = PBXBuildFile; fileRef = 49722FEC211F338B00650A41 /* Witness.swift */; };
		49761DA721C9497000AE13EF /* dashboard in Resources */ = {isa = PBXBuildFile; fileRef = 49761DA621C9497000AE13EF /* dashboard */; };
		A1B2C3D4E5F6000100000003 /* mihomo in Resources */ = {isa = PBXBuildFile; fileRef = A1B2C3D4E5F6000100000004 /* mihomo */; };
		4981C88B216BAE4A008CC14A /* Localizable.strings in Resources */ = {isa = PBXBuildFile; fileRef = 4981C88D216BAE4A008CC14A /* Localizable.strings */; };
		4989F98E20D0AE990001E564 /* sampleConfig.yaml in Resources */ = {isa = PBXBuildFile; fileRef = 4989F98D20D0AE990001E564 /* sampleConfig.yaml */; };
		49CF3B2120CD7463001EBF94 /* AppDelegate.swift in Sources */ = {isa = PBXBuildFile; fileRef = 49CF3B2020CD7463001EBF94 /* AppDelegate.swift */; };
		D2D20000000000000000AA01 /* Sparkle in Frameworks */ = {isa = PBXBuildFile; productRef = D2D20000000000000000BB01 /* Sparkle */; };
		D2D20000000000000000AA04 /* FlexibleDiff in Frameworks */ = {isa = PBXBuildFile; productRef = D2D20000000000000000BB04 /* FlexibleDiff */; };
		D2D20000000000000000AA05 /* Gzip in Frameworks */ = {isa = PBXBuildFile; productRef = D2D20000000000000000BB05 /* Gzip */; };
		E1E100000000000000000D39 /* WaypointCore in Frameworks */ = {isa = PBXBuildFile; productRef = E1E100000000000000000D38 /* WaypointCore */; };
		E1E100000000000000000D42 /* WaypointNetworking in Frameworks */ = {isa = PBXBuildFile; productRef = E1E100000000000000000D41 /* WaypointNetworking */; };
		E1E100000000000000000D52 /* WaypointMitmEngine in Frameworks */ = {isa = PBXBuildFile; productRef = E1E100000000000000000D51 /* WaypointMitmEngine */; };
		E1E100000000000000000A03 /* PFMoveApplication.m in Sources */ = {isa = PBXBuildFile; fileRef = E1E100000000000000000A02 /* PFMoveApplication.m */; };
		F935B2F02307C52E009E4D33 /* org.waypnt.waypoint.ProxyConfigHelper in Copy Files */ = {isa = PBXBuildFile; fileRef = F9A7C0692306E874007163C7 /* org.waypnt.waypoint.ProxyConfigHelper */; settings = {ATTRIBUTES = (CodeSignOnCopy, ); }; };
		E1E100000000000000000E02 /* org.waypnt.waypoint.ProxyConfigHelper.plist in Copy Files LaunchDaemons */ = {isa = PBXBuildFile; fileRef = E1E100000000000000000E01 /* org.waypnt.waypoint.ProxyConfigHelper.plist */; };
		F935B2F42307CD32009E4D33 /* ProxyConfigHelper.m in Sources */ = {isa = PBXBuildFile; fileRef = F935B2F32307CD32009E4D33 /* ProxyConfigHelper.m */; };
		F935B2FA23083EE6009E4D33 /* ProxySettingTool.m in Sources */ = {isa = PBXBuildFile; fileRef = F935B2F923083EE6009E4D33 /* ProxySettingTool.m */; };
		F976275C23634DF8000EDEFE /* LoginServiceKit.swift in Sources */ = {isa = PBXBuildFile; fileRef = F976275B23634DF8000EDEFE /* LoginServiceKit.swift */; };
		F9A7C06C2306E874007163C7 /* main.m in Sources */ = {isa = PBXBuildFile; fileRef = F9A7C06B2306E874007163C7 /* main.m */; };
		F9FAB31E262BE04800DE02A6 /* Images.xcassets in Resources */ = {isa = PBXBuildFile; fileRef = F9FAB31D262BE04800DE02A6 /* Images.xcassets */; };
/* End PBXBuildFile section */

/* Begin PBXContainerItemProxy section */
		F935B2EB2307B7CD009E4D33 /* PBXContainerItemProxy */ = {
			isa = PBXContainerItemProxy;
			containerPortal = 49CF3B1520CD7463001EBF94 /* Project object */;
			proxyType = 1;
			remoteGlobalIDString = F9A7C0682306E874007163C7;
			remoteInfo = ProxyConfigHelper;
		};
/* End PBXContainerItemProxy section */

/* Begin PBXCopyFilesBuildPhase section */
		663E4677213FCDC4006F11BB /* Copy Files */ = {
			isa = PBXCopyFilesBuildPhase;
			buildActionMask = 2147483647;
			dstPath = Contents/Library/LaunchServices;
			dstSubfolderSpec = 1;
			files = (
				F935B2F02307C52E009E4D33 /* org.waypnt.waypoint.ProxyConfigHelper in Copy Files */,
			);
			name = "Copy Files";
			runOnlyForDeploymentPostprocessing = 0;
		};
		F9A7C0672306E874007163C7 /* Copy Files */ = {
			isa = PBXCopyFilesBuildPhase;
			buildActionMask = 2147483647;
			dstPath = /usr/share/man/man1/;
			dstSubfolderSpec = 0;
			files = (
			);
			name = "Copy Files";
			runOnlyForDeploymentPostprocessing = 1;
		};
		E1E100000000000000000E03 /* Copy Files LaunchDaemons */ = {
			isa = PBXCopyFilesBuildPhase;
			buildActionMask = 2147483647;
			dstPath = Contents/Library/LaunchDaemons;
			dstSubfolderSpec = 1;
			files = (
				E1E100000000000000000E02 /* org.waypnt.waypoint.ProxyConfigHelper.plist in Copy Files LaunchDaemons */,
			);
			name = "Copy Files LaunchDaemons";
			runOnlyForDeploymentPostprocessing = 0;
		};
/* End PBXCopyFilesBuildPhase section */

/* Begin PBXFileReference section */
		E1E100000000000000000E01 /* org.waypnt.waypoint.ProxyConfigHelper.plist */ = {isa = PBXFileReference; fileEncoding = 4; lastKnownFileType = text.plist.xml; path = "org.waypnt.waypoint.ProxyConfigHelper.plist"; sourceTree = "<group>"; };
		E1E100000000000000000D47 /* WaypointApp.swift */ = {isa = PBXFileReference; lastKnownFileType = sourcecode.swift; path = WaypointApp.swift; sourceTree = "<group>"; };
		E1E100000000000000000D4E /* WaypointAppIntents.swift */ = {isa = PBXFileReference; lastKnownFileType = sourcecode.swift; path = WaypointAppIntents.swift; sourceTree = "<group>"; };
		4908087A29F8F3FF007A4944 /* libresolv.tbd */ = {isa = PBXFileReference; lastKnownFileType = "sourcecode.text-based-dylib-definition"; name = libresolv.tbd; path = usr/lib/libresolv.tbd; sourceTree = SDKROOT; };
		491E61FC258A424500313AEF /* CommonUtils.h */ = {isa = PBXFileReference; fileEncoding = 4; lastKnownFileType = sourcecode.c.h; path = CommonUtils.h; sourceTree = "<group>"; };
		491E61FD258A424500313AEF /* CommonUtils.m */ = {isa = PBXFileReference; fileEncoding = 4; lastKnownFileType = sourcecode.c.objc; path = CommonUtils.m; sourceTree = "<group>"; };
		4929F676258CD89B00A435F6 /* Country.mmdb.gz */ = {isa = PBXFileReference; lastKnownFileType = archive.gzip; path = Country.mmdb.gz; sourceTree = "<group>"; };
		4929F683258CE07500A435F6 /* UserDefaultWrapper.swift */ = {isa = PBXFileReference; fileEncoding = 4; lastKnownFileType = sourcecode.swift; path = UserDefaultWrapper.swift; sourceTree = "<group>"; };
		49722FEA211F338B00650A41 /* FileEvent.swift */ = {isa = PBXFileReference; fileEncoding = 4; lastKnownFileType = sourcecode.swift; path = FileEvent.swift; sourceTree = "<group>"; };
		49722FEB211F338B00650A41 /* EventStream.swift */ = {isa = PBXFileReference; fileEncoding = 4; lastKnownFileType = sourcecode.swift; path = EventStream.swift; sourceTree = "<group>"; };
		49722FEC211F338B00650A41 /* Witness.swift */ = {isa = PBXFileReference; fileEncoding = 4; lastKnownFileType = sourcecode.swift; path = Witness.swift; sourceTree = "<group>"; };
		49722FED211F338B00650A41 /* Witness.h */ = {isa = PBXFileReference; fileEncoding = 4; lastKnownFileType = sourcecode.c.h; path = Witness.h; sourceTree = "<group>"; };
		49761DA621C9497000AE13EF /* dashboard */ = {isa = PBXFileReference; lastKnownFileType = folder; path = dashboard; sourceTree = "<group>"; };
		A1B2C3D4E5F6000100000004 /* mihomo */ = {isa = PBXFileReference; lastKnownFileType = file; path = mihomo; sourceTree = "<group>"; };
		4981C88C216BAE4A008CC14A /* en */ = {isa = PBXFileReference; lastKnownFileType = text.plist.strings; name = en; path = en.lproj/Localizable.strings; sourceTree = "<group>"; };
		498960722340F21C00AFB7EC /* org.waypnt.waypoint.ProxyConfigHelper.entitlements */ = {isa = PBXFileReference; lastKnownFileType = text.plist.entitlements; path = org.waypnt.waypoint.ProxyConfigHelper.entitlements; sourceTree = "<group>"; };
		4989F98D20D0AE990001E564 /* sampleConfig.yaml */ = {isa = PBXFileReference; fileEncoding = 4; lastKnownFileType = text.yaml; path = sampleConfig.yaml; sourceTree = "<group>"; };
		49CF3B1D20CD7463001EBF94 /* Waypoint.app */ = {isa = PBXFileReference; explicitFileType = wrapper.application; includeInIndex = 0; path = Waypoint.app; sourceTree = BUILT_PRODUCTS_DIR; };
		49CF3B2020CD7463001EBF94 /* AppDelegate.swift */ = {isa = PBXFileReference; lastKnownFileType = sourcecode.swift; path = AppDelegate.swift; sourceTree = "<group>"; };
		49CF3B2920CD7465001EBF94 /* Info.plist */ = {isa = PBXFileReference; lastKnownFileType = text.plist.xml; path = Info.plist; sourceTree = "<group>"; };
		49CF3B2A20CD7465001EBF94 /* Waypoint.entitlements */ = {isa = PBXFileReference; lastKnownFileType = text.plist.entitlements; path = Waypoint.entitlements; sourceTree = "<group>"; };
		49CF3B3520CD75DF001EBF94 /* Waypoint-Bridging-Header.h */ = {isa = PBXFileReference; lastKnownFileType = sourcecode.c.h; path = "Waypoint-Bridging-Header.h"; sourceTree = "<group>"; };
		E1E100000000000000000A01 /* PFMoveApplication.h */ = {isa = PBXFileReference; fileEncoding = 4; lastKnownFileType = sourcecode.c.h; path = PFMoveApplication.h; sourceTree = "<group>"; };
		E1E100000000000000000A02 /* PFMoveApplication.m */ = {isa = PBXFileReference; fileEncoding = 4; lastKnownFileType = sourcecode.c.objc; path = PFMoveApplication.m; sourceTree = "<group>"; };

		F935B2EA2307B6BA009E4D33 /* Helper-Info.plist */ = {isa = PBXFileReference; fileEncoding = 4; lastKnownFileType = text.plist.xml; path = "Helper-Info.plist"; sourceTree = "<group>"; };
		F935B2F12307C802009E4D33 /* Helper-Launchd.plist */ = {isa = PBXFileReference; lastKnownFileType = text.plist.xml; path = "Helper-Launchd.plist"; sourceTree = "<group>"; };
		F935B2F22307CD32009E4D33 /* ProxyConfigHelper.h */ = {isa = PBXFileReference; lastKnownFileType = sourcecode.c.h; path = ProxyConfigHelper.h; sourceTree = "<group>"; };
		F935B2F32307CD32009E4D33 /* ProxyConfigHelper.m */ = {isa = PBXFileReference; lastKnownFileType = sourcecode.c.objc; path = ProxyConfigHelper.m; sourceTree = "<group>"; };
		F935B2F52307D00D009E4D33 /* ProxyConfigRemoteProcessProtocol.h */ = {isa = PBXFileReference; lastKnownFileType = sourcecode.c.h; path = ProxyConfigRemoteProcessProtocol.h; sourceTree = "<group>"; };
		F935B2F823083EE6009E4D33 /* ProxySettingTool.h */ = {isa = PBXFileReference; lastKnownFileType = sourcecode.c.h; path = ProxySettingTool.h; sourceTree = "<group>"; };
		F935B2F923083EE6009E4D33 /* ProxySettingTool.m */ = {isa = PBXFileReference; lastKnownFileType = sourcecode.c.objc; path = ProxySettingTool.m; sourceTree = "<group>"; };
		F976275B23634DF8000EDEFE /* LoginServiceKit.swift */ = {isa = PBXFileReference; lastKnownFileType = sourcecode.swift; path = LoginServiceKit.swift; sourceTree = "<group>"; };
		F9A7C0692306E874007163C7 /* org.waypnt.waypoint.ProxyConfigHelper */ = {isa = PBXFileReference; explicitFileType = "compiled.mach-o.executable"; includeInIndex = 0; path = org.waypnt.waypoint.ProxyConfigHelper; sourceTree = BUILT_PRODUCTS_DIR; };
		F9A7C06B2306E874007163C7 /* main.m */ = {isa = PBXFileReference; lastKnownFileType = sourcecode.c.objc; path = main.m; sourceTree = "<group>"; };
		F9FAB31D262BE04800DE02A6 /* Images.xcassets */ = {isa = PBXFileReference; lastKnownFileType = folder.assetcatalog; path = Images.xcassets; sourceTree = "<group>"; };

/* Begin PBXFileSystemSynchronizedRootGroup section */
		F1A000000000000000000001 /* AppleScript */ = {
			isa = PBXFileSystemSynchronizedRootGroup;
			explicitFileTypes = {};
			explicitFolders = ();
			path = AppleScript;
			sourceTree = "<group>";
		};
		F1A000000000000000000002 /* Basic */ = {
			isa = PBXFileSystemSynchronizedRootGroup;
			explicitFileTypes = {};
			explicitFolders = ();
			path = Basic;
			sourceTree = "<group>";
		};
		F1A000000000000000000003 /* Macro */ = {
			isa = PBXFileSystemSynchronizedRootGroup;
			explicitFileTypes = {};
			explicitFolders = ();
			path = Macro;
			sourceTree = "<group>";
		};
		F1A000000000000000000004 /* Models */ = {
			isa = PBXFileSystemSynchronizedRootGroup;
			explicitFileTypes = {};
			explicitFolders = ();
			path = Models;
			sourceTree = "<group>";
		};
		F1A000000000000000000005 /* Extensions */ = {
			isa = PBXFileSystemSynchronizedRootGroup;
			explicitFileTypes = {};
			explicitFolders = ();
			path = Extensions;
			sourceTree = "<group>";
		};
		F1A000000000000000000006 /* General */ = {
			isa = PBXFileSystemSynchronizedRootGroup;
			explicitFileTypes = {};
			explicitFolders = ();
			path = General;
			sourceTree = "<group>";
		};
		F1A000000000000000000007 /* Views */ = {
			isa = PBXFileSystemSynchronizedRootGroup;
			explicitFileTypes = {};
			explicitFolders = ();
			path = Views;
			sourceTree = "<group>";
		};
		F1A000000000000000000008 /* Actions */ = {
			isa = PBXFileSystemSynchronizedRootGroup;
			explicitFileTypes = {};
			explicitFolders = ();
			path = Actions;
			sourceTree = "<group>";
		};
		F1A000000000000000000009 /* ViewControllers */ = {
			isa = PBXFileSystemSynchronizedRootGroup;
			explicitFileTypes = {};
			explicitFolders = ();
			path = ViewControllers;
			sourceTree = "<group>";
		};
		F1A00000000000000000000A /* SwiftUI */ = {
			isa = PBXFileSystemSynchronizedRootGroup;
			explicitFileTypes = {};
			explicitFolders = ();
			path = SwiftUI;
			sourceTree = "<group>";
		};
/* End PBXFileSystemSynchronizedRootGroup section */
/* End PBXFileReference section */

/* Begin PBXFrameworksBuildPhase section */
		49CF3B1A20CD7463001EBF94 /* Frameworks */ = {
			isa = PBXFrameworksBuildPhase;
			buildActionMask = 2147483647;
			files = (
				4905A2C82A2058D400AEDA2E /* KeyboardShortcuts in Frameworks */,
				D2D20000000000000000AA01 /* Sparkle in Frameworks */,
				D2D20000000000000000AA04 /* FlexibleDiff in Frameworks */,
				D2D20000000000000000AA05 /* Gzip in Frameworks */,
				4908087B29F8F405007A4944 /* libresolv.tbd in Frameworks */,
				E1E100000000000000000D39 /* WaypointCore in Frameworks */,
				E1E100000000000000000D42 /* WaypointNetworking in Frameworks */,
				E1E100000000000000000D52 /* WaypointMitmEngine in Frameworks */,
			);
			runOnlyForDeploymentPostprocessing = 0;
		};
		F9A7C0662306E874007163C7 /* Frameworks */ = {
			isa = PBXFrameworksBuildPhase;
			buildActionMask = 2147483647;
			files = (
			);
			runOnlyForDeploymentPostprocessing = 0;
		};
/* End PBXFrameworksBuildPhase section */

/* Begin PBXGroup section */
		49722FDD211ED2A900650A41 /* Vendor */ = {
			isa = PBXGroup;
			children = (
				4929F683258CE07500A435F6 /* UserDefaultWrapper.swift */,
				F976275D23634F18000EDEFE /* LoginServiceKit */,
				E1E100000000000000000B01 /* LetsMove */,
				49722FE9211F338B00650A41 /* Witness */,
			);
			path = Vendor;
			sourceTree = "<group>";
		};
		49722FE9211F338B00650A41 /* Witness */ = {
			isa = PBXGroup;
			children = (
				49722FEA211F338B00650A41 /* FileEvent.swift */,
				49722FEB211F338B00650A41 /* EventStream.swift */,
				49722FEC211F338B00650A41 /* Witness.swift */,
				49722FED211F338B00650A41 /* Witness.h */,
			);
			path = Witness;
			sourceTree = "<group>";
		};
		49761DA521C9490400AE13EF /* Resources */ = {
			isa = PBXGroup;
			children = (
				4929F676258CD89B00A435F6 /* Country.mmdb.gz */,
				49761DA621C9497000AE13EF /* dashboard */,
				A1B2C3D4E5F6000100000004 /* mihomo */,
				4989F98D20D0AE990001E564 /* sampleConfig.yaml */,
			);
			path = Resources;
			sourceTree = "<group>";
		};
		49CF3B1420CD7463001EBF94 = {
			isa = PBXGroup;
			children = (
				49CF3B1F20CD7463001EBF94 /* Waypoint */,
				F9A7C06A2306E874007163C7 /* ProxyConfigHelper */,
				49CF3B1E20CD7463001EBF94 /* Products */,
				CF1AC9FACC36FCE7663C5583 /* Frameworks */,
			);
			sourceTree = "<group>";
		};
		49CF3B1E20CD7463001EBF94 /* Products */ = {
			isa = PBXGroup;
			children = (
				49CF3B1D20CD7463001EBF94 /* Waypoint.app */,
				F9A7C0692306E874007163C7 /* org.waypnt.waypoint.ProxyConfigHelper */,
			);
			name = Products;
			sourceTree = "<group>";
		};
		49CF3B1F20CD7463001EBF94 /* Waypoint */ = {
			isa = PBXGroup;
			children = (
				F1A000000000000000000001 /* AppleScript */,
				49722FDD211ED2A900650A41 /* Vendor */,
				F1A000000000000000000003 /* Macro */,
				F1A000000000000000000002 /* Basic */,
				F1A000000000000000000004 /* Models */,
				F1A000000000000000000005 /* Extensions */,
				F1A000000000000000000006 /* General */,
				F1A000000000000000000007 /* Views */,
				F1A000000000000000000008 /* Actions */,
				F1A000000000000000000009 /* ViewControllers */,
				49761DA521C9490400AE13EF /* Resources */,
				49CF3B3A20CD783A001EBF94 /* Support Files */,
				49CF3B2020CD7463001EBF94 /* AppDelegate.swift */,
				E1E100000000000000000D47 /* WaypointApp.swift */,
				E1E100000000000000000D4E /* WaypointAppIntents.swift */,
				49CF3B2920CD7465001EBF94 /* Info.plist */,
				49CF3B2A20CD7465001EBF94 /* Waypoint.entitlements */,
				49CF3B3520CD75DF001EBF94 /* Waypoint-Bridging-Header.h */,
				F9FAB31D262BE04800DE02A6 /* Images.xcassets */,
				F1A00000000000000000000A /* SwiftUI */,
		);
				path = Waypoint;
				sourceTree = "<group>";
		};
		49CF3B3A20CD783A001EBF94 /* Support Files */ = {
				isa = PBXGroup;
				children = (
					4981C88D216BAE4A008CC14A /* Localizable.strings */,
			);
			path = "Support Files";
			sourceTree = "<group>";
		};
		E1E100000000000000000B01 /* LetsMove */ = {
			isa = PBXGroup;
			children = (
				E1E100000000000000000A01 /* PFMoveApplication.h */,
				E1E100000000000000000A02 /* PFMoveApplication.m */,
			);
			path = LetsMove;
			sourceTree = "<group>";
		};
		CF1AC9FACC36FCE7663C5583 /* Frameworks */ = {
			isa = PBXGroup;
			children = (
				4908087A29F8F3FF007A4944 /* libresolv.tbd */,
			);
			name = Frameworks;
			sourceTree = "<group>";
		};
		F976275D23634F18000EDEFE /* LoginServiceKit */ = {
			isa = PBXGroup;
			children = (
				F976275B23634DF8000EDEFE /* LoginServiceKit.swift */,
			);
			path = LoginServiceKit;
			sourceTree = "<group>";
		};
		F9A7C06A2306E874007163C7 /* ProxyConfigHelper */ = {
			isa = PBXGroup;
			children = (
				491E61FC258A424500313AEF /* CommonUtils.h */,
				491E61FD258A424500313AEF /* CommonUtils.m */,
				498960722340F21C00AFB7EC /* org.waypnt.waypoint.ProxyConfigHelper.entitlements */,
				F9A7C06B2306E874007163C7 /* main.m */,
				F935B2F12307C802009E4D33 /* Helper-Launchd.plist */,
				E1E100000000000000000E01 /* org.waypnt.waypoint.ProxyConfigHelper.plist */,
				F935B2EA2307B6BA009E4D33 /* Helper-Info.plist */,
				F935B2F22307CD32009E4D33 /* ProxyConfigHelper.h */,
				F935B2F32307CD32009E4D33 /* ProxyConfigHelper.m */,
				F935B2F52307D00D009E4D33 /* ProxyConfigRemoteProcessProtocol.h */,
				F935B2F823083EE6009E4D33 /* ProxySettingTool.h */,
				F935B2F923083EE6009E4D33 /* ProxySettingTool.m */,
			);
			path = ProxyConfigHelper;
			sourceTree = "<group>";
		};
/* End PBXGroup section */

/* Begin PBXNativeTarget section */
		49CF3B1C20CD7463001EBF94 /* Waypoint */ = {
			isa = PBXNativeTarget;
			buildConfigurationList = 49CF3B2D20CD7465001EBF94 /* Build configuration list for PBXNativeTarget "Waypoint" */;
			buildPhases = (
				49CF3B1920CD7463001EBF94 /* Sources */,
				49CF3B1A20CD7463001EBF94 /* Frameworks */,
				49CF3B1B20CD7463001EBF94 /* Resources */,
				A1B2C3D4E5F6000100000005 /* Fix mihomo exec bit */,
				663E4677213FCDC4006F11BB /* Copy Files */,
				E1E100000000000000000E03 /* Copy Files LaunchDaemons */,
			);
			buildRules = (
			);
			dependencies = (
				F935B2EC2307B7CD009E4D33 /* PBXTargetDependency */,
			);
			fileSystemSynchronizedGroups = (
				F1A000000000000000000001 /* AppleScript */,
				F1A000000000000000000002 /* Basic */,
				F1A000000000000000000003 /* Macro */,
				F1A000000000000000000004 /* Models */,
				F1A000000000000000000005 /* Extensions */,
				F1A000000000000000000006 /* General */,
				F1A000000000000000000007 /* Views */,
				F1A000000000000000000008 /* Actions */,
				F1A000000000000000000009 /* ViewControllers */,
				F1A00000000000000000000A /* SwiftUI */,
			);
			name = Waypoint;
			packageProductDependencies = (
				4905A2C72A2058D400AEDA2E /* KeyboardShortcuts */,
				D2D20000000000000000BB01 /* Sparkle */,
				D2D20000000000000000BB04 /* FlexibleDiff */,
				D2D20000000000000000BB05 /* Gzip */,
				E1E100000000000000000D38 /* WaypointCore */,
				E1E100000000000000000D41 /* WaypointNetworking */,
				E1E100000000000000000D51 /* WaypointMitmEngine */,
			);
			productName = Waypoint;
			productReference = 49CF3B1D20CD7463001EBF94 /* Waypoint.app */;
			productType = "com.apple.product-type.application";
		};
		F9A7C0682306E874007163C7 /* org.waypnt.waypoint.ProxyConfigHelper */ = {
			isa = PBXNativeTarget;
			buildConfigurationList = F9A7C06D2306E874007163C7 /* Build configuration list for PBXNativeTarget "org.waypnt.waypoint.ProxyConfigHelper" */;
			buildPhases = (
				F9A7C0652306E874007163C7 /* Sources */,
				F9A7C0662306E874007163C7 /* Frameworks */,
				F9A7C0672306E874007163C7 /* Copy Files */,
			);
			buildRules = (
			);
			dependencies = (
			);
			name = org.waypnt.waypoint.ProxyConfigHelper;
			productName = ProxyConfigHelper;
			productReference = F9A7C0692306E874007163C7 /* org.waypnt.waypoint.ProxyConfigHelper */;
			productType = "com.apple.product-type.tool";
		};
/* End PBXNativeTarget section */

/* Begin PBXProject section */
		49CF3B1520CD7463001EBF94 /* Project object */ = {
			isa = PBXProject;
			attributes = {
				BuildIndependentTargetsInParallel = YES;
				LastSwiftUpdateCheck = 1030;
				LastUpgradeCheck = 2600;
				ORGANIZATIONNAME = waypnt;
				TargetAttributes = {
					49CF3B1C20CD7463001EBF94 = {
						CreatedOnToolsVersion = 9.4;
						DevelopmentTeam = N48L43Q7F9;
						LastSwiftMigration = 1020;
						ProvisioningStyle = Automatic;
						SystemCapabilities = {
							com.apple.HardenedRuntime = {
								enabled = 1;
							};
							com.apple.Sandbox = {
								enabled = 0;
							};
						};
					};
					F9A7C0682306E874007163C7 = {
						CreatedOnToolsVersion = 10.3;
						DevelopmentTeam = N48L43Q7F9;
						ProvisioningStyle = Automatic;
					};
				};
			};
			buildConfigurationList = 49CF3B1820CD7463001EBF94 /* Build configuration list for PBXProject "Waypoint" */;
					developmentRegion = en;
			hasScannedForEncodings = 0;
			knownRegions = (
				en,
				Base,
			);
			mainGroup = 49CF3B1420CD7463001EBF94;
			packageReferences = (
				4905A2C62A2058D400AEDA2E /* XCRemoteSwiftPackageReference "KeyboardShortcuts" */,
				D1D10000000000000000CC01 /* XCRemoteSwiftPackageReference "Sparkle" */,
				D1D10000000000000000CC03 /* XCRemoteSwiftPackageReference "FlexibleDiff" */,
				D1D10000000000000000CC04 /* XCRemoteSwiftPackageReference "GzipSwift" */,
				E1E100000000000000000D37 /* XCLocalSwiftPackageReference "WaypointCore" */,
				E1E100000000000000000D40 /* XCLocalSwiftPackageReference "WaypointNetworking" */,
			);
			productRefGroup = 49CF3B1E20CD7463001EBF94 /* Products */;
			projectDirPath = "";
			projectRoot = "";
			targets = (
				49CF3B1C20CD7463001EBF94 /* Waypoint */,
				F9A7C0682306E874007163C7 /* org.waypnt.waypoint.ProxyConfigHelper */,
			);
		};
/* End PBXProject section */

/* Begin PBXResourcesBuildPhase section */
		49CF3B1B20CD7463001EBF94 /* Resources */ = {
			isa = PBXResourcesBuildPhase;
			buildActionMask = 2147483647;
			files = (
				49761DA721C9497000AE13EF /* dashboard in Resources */,
				A1B2C3D4E5F6000100000003 /* mihomo in Resources */,
				4929F677258CD89B00A435F6 /* Country.mmdb.gz in Resources */,
				4981C88B216BAE4A008CC14A /* Localizable.strings in Resources */,
				F9FAB31E262BE04800DE02A6 /* Images.xcassets in Resources */,
				4989F98E20D0AE990001E564 /* sampleConfig.yaml in Resources */,
			);
			runOnlyForDeploymentPostprocessing = 0;
		};
/* End PBXResourcesBuildPhase section */

/* Begin PBXShellScriptBuildPhase section */
		A1B2C3D4E5F6000100000005 /* Fix mihomo exec bit */ = {
			isa = PBXShellScriptBuildPhase;
			buildActionMask = 2147483647;
			files = (
			);
			inputFileListPaths = (
			);
			inputPaths = (
			);
			name = "Fix mihomo exec bit";
			alwaysOutOfDate = 1;
			outputFileListPaths = (
			);
			outputPaths = (
			);
			runOnlyForDeploymentPostprocessing = 0;
			shellPath = /bin/sh;
			shellScript = "chmod +x \"$TARGET_BUILD_DIR/$UNLOCALIZED_RESOURCES_FOLDER_PATH/mihomo\"\n";
		};
/* End PBXShellScriptBuildPhase section */

/* Begin PBXSourcesBuildPhase section */
		49CF3B1920CD7463001EBF94 /* Sources */ = {
			isa = PBXSourcesBuildPhase;
			buildActionMask = 2147483647;
			files = (
				49CF3B2120CD7463001EBF94 /* AppDelegate.swift in Sources */,
				E1E100000000000000000D43 /* WaypointApp.swift in Sources */,
				E1E100000000000000000D4D /* WaypointAppIntents.swift in Sources */,
				49722FEF211F338B00650A41 /* FileEvent.swift in Sources */,
				49722FF1211F338B00650A41 /* Witness.swift in Sources */,
				49722FF0211F338B00650A41 /* EventStream.swift in Sources */,
				F976275C23634DF8000EDEFE /* LoginServiceKit.swift in Sources */,
				E1E100000000000000000A03 /* PFMoveApplication.m in Sources */,
				4929F684258CE07500A435F6 /* UserDefaultWrapper.swift in Sources */,
			);
			runOnlyForDeploymentPostprocessing = 0;
		};
		F9A7C0652306E874007163C7 /* Sources */ = {
			isa = PBXSourcesBuildPhase;
			buildActionMask = 2147483647;
			files = (
				F935B2F42307CD32009E4D33 /* ProxyConfigHelper.m in Sources */,
				F9A7C06C2306E874007163C7 /* main.m in Sources */,
				491E6203258A424D00313AEF /* CommonUtils.m in Sources */,
				F935B2FA23083EE6009E4D33 /* ProxySettingTool.m in Sources */,
			);
			runOnlyForDeploymentPostprocessing = 0;
		};
/* End PBXSourcesBuildPhase section */

/* Begin PBXTargetDependency section */
		F935B2EC2307B7CD009E4D33 /* PBXTargetDependency */ = {
			isa = PBXTargetDependency;
			target = F9A7C0682306E874007163C7 /* org.waypnt.waypoint.ProxyConfigHelper */;
			targetProxy = F935B2EB2307B7CD009E4D33 /* PBXContainerItemProxy */;
		};
/* End PBXTargetDependency section */

/* Begin PBXVariantGroup section */
		4981C88D216BAE4A008CC14A /* Localizable.strings */ = {
			isa = PBXVariantGroup;
			children = (
				4981C88C216BAE4A008CC14A /* en */,
			);
			name = Localizable.strings;
			sourceTree = "<group>";
		};
/* End PBXVariantGroup section */

/* Begin XCBuildConfiguration section */
		49CF3B2B20CD7465001EBF94 /* Debug */ = {
			isa = XCBuildConfiguration;
			buildSettings = {
				ALWAYS_SEARCH_USER_PATHS = NO;
				CLANG_ANALYZER_LOCALIZABILITY_NONLOCALIZED = YES;
				CLANG_ANALYZER_NONNULL = YES;
				CLANG_ANALYZER_NUMBER_OBJECT_CONVERSION = YES_AGGRESSIVE;
				CLANG_CXX_LANGUAGE_STANDARD = "gnu++14";
				CLANG_CXX_LIBRARY = "libc++";
				CLANG_ENABLE_MODULES = YES;
				CLANG_ENABLE_OBJC_ARC = YES;
				CLANG_ENABLE_OBJC_WEAK = YES;
				CLANG_WARN_BLOCK_CAPTURE_AUTORELEASING = YES;
				CLANG_WARN_BOOL_CONVERSION = YES;
				CLANG_WARN_COMMA = YES;
				CLANG_WARN_CONSTANT_CONVERSION = YES;
				CLANG_WARN_DEPRECATED_OBJC_IMPLEMENTATIONS = YES;
				CLANG_WARN_DIRECT_OBJC_ISA_USAGE = YES_ERROR;
				CLANG_WARN_DOCUMENTATION_COMMENTS = YES;
				CLANG_WARN_EMPTY_BODY = YES;
				CLANG_WARN_ENUM_CONVERSION = YES;
				CLANG_WARN_INFINITE_RECURSION = YES;
				CLANG_WARN_INT_CONVERSION = YES;
				CLANG_WARN_NON_LITERAL_NULL_CONVERSION = YES;
				CLANG_WARN_OBJC_IMPLICIT_RETAIN_SELF = YES;
				CLANG_WARN_OBJC_LITERAL_CONVERSION = YES;
				CLANG_WARN_OBJC_ROOT_CLASS = YES_ERROR;
				CLANG_WARN_RANGE_LOOP_ANALYSIS = YES;
				CLANG_WARN_STRICT_PROTOTYPES = YES;
				CLANG_WARN_SUSPICIOUS_MOVE = YES;
				CLANG_WARN_UNGUARDED_AVAILABILITY = YES_AGGRESSIVE;
				CLANG_WARN_UNREACHABLE_CODE = YES;
				CLANG_WARN__DUPLICATE_METHOD_MATCH = YES;
				CODE_SIGN_IDENTITY = "Apple Development";
				CODE_SIGN_STYLE = Manual;
				DEVELOPMENT_TEAM = N48L43Q7F9;
				COPY_PHASE_STRIP = NO;
				DEBUG_INFORMATION_FORMAT = dwarf;
				ENABLE_STRICT_OBJC_MSGSEND = YES;
				ENABLE_TESTABILITY = YES;
				GCC_C_LANGUAGE_STANDARD = gnu11;
				GCC_DYNAMIC_NO_PIC = NO;
				GCC_NO_COMMON_BLOCKS = YES;
				GCC_OPTIMIZATION_LEVEL = 0;
				GCC_PREPROCESSOR_DEFINITIONS = (
					"DEBUG=1",
					"$(inherited)",
				);
				GCC_WARN_64_TO_32_BIT_CONVERSION = YES;
				GCC_WARN_ABOUT_RETURN_TYPE = YES_ERROR;
				GCC_WARN_UNDECLARED_SELECTOR = YES;
				GCC_WARN_UNINITIALIZED_AUTOS = YES_AGGRESSIVE;
				GCC_WARN_UNUSED_FUNCTION = YES;
				GCC_WARN_UNUSED_VARIABLE = YES;
				MACOSX_DEPLOYMENT_TARGET = 26.0;
				MTL_ENABLE_DEBUG_INFO = YES;
				ONLY_ACTIVE_ARCH = YES;
				SDKROOT = macosx;
				SWIFT_ACTIVE_COMPILATION_CONDITIONS = DEBUG;
				SWIFT_OPTIMIZATION_LEVEL = "-Onone";
			};
			name = Debug;
		};
		49CF3B2C20CD7465001EBF94 /* Release */ = {
			isa = XCBuildConfiguration;
			buildSettings = {
				ALWAYS_SEARCH_USER_PATHS = NO;
				CLANG_ANALYZER_LOCALIZABILITY_NONLOCALIZED = YES;
				CLANG_ANALYZER_NONNULL = YES;
				CLANG_ANALYZER_NUMBER_OBJECT_CONVERSION = YES_AGGRESSIVE;
				CLANG_CXX_LANGUAGE_STANDARD = "gnu++14";
				CLANG_CXX_LIBRARY = "libc++";
				CLANG_ENABLE_MODULES = YES;
				CLANG_ENABLE_OBJC_ARC = YES;
				CLANG_ENABLE_OBJC_WEAK = YES;
				CLANG_WARN_BLOCK_CAPTURE_AUTORELEASING = YES;
				CLANG_WARN_BOOL_CONVERSION = YES;
				CLANG_WARN_COMMA = YES;
				CLANG_WARN_CONSTANT_CONVERSION = YES;
				CLANG_WARN_DEPRECATED_OBJC_IMPLEMENTATIONS = YES;
				CLANG_WARN_DIRECT_OBJC_ISA_USAGE = YES_ERROR;
				CLANG_WARN_DOCUMENTATION_COMMENTS = YES;
				CLANG_WARN_EMPTY_BODY = YES;
				CLANG_WARN_ENUM_CONVERSION = YES;
				CLANG_WARN_INFINITE_RECURSION = YES;
				CLANG_WARN_INT_CONVERSION = YES;
				CLANG_WARN_NON_LITERAL_NULL_CONVERSION = YES;
				CLANG_WARN_OBJC_IMPLICIT_RETAIN_SELF = YES;
				CLANG_WARN_OBJC_LITERAL_CONVERSION = YES;
				CLANG_WARN_OBJC_ROOT_CLASS = YES_ERROR;
				CLANG_WARN_RANGE_LOOP_ANALYSIS = YES;
				CLANG_WARN_STRICT_PROTOTYPES = YES;
				CLANG_WARN_SUSPICIOUS_MOVE = YES;
				CLANG_WARN_UNGUARDED_AVAILABILITY = YES_AGGRESSIVE;
				CLANG_WARN_UNREACHABLE_CODE = YES;
				CLANG_WARN__DUPLICATE_METHOD_MATCH = YES;
				CODE_SIGN_IDENTITY = "Apple Development";
				CODE_SIGN_STYLE = Manual;
				DEVELOPMENT_TEAM = N48L43Q7F9;
				COPY_PHASE_STRIP = NO;
				DEBUG_INFORMATION_FORMAT = "dwarf-with-dsym";
				ENABLE_NS_ASSERTIONS = NO;
				ENABLE_STRICT_OBJC_MSGSEND = YES;
				GCC_C_LANGUAGE_STANDARD = gnu11;
				GCC_NO_COMMON_BLOCKS = YES;
				GCC_WARN_64_TO_32_BIT_CONVERSION = YES;
				GCC_WARN_ABOUT_RETURN_TYPE = YES_ERROR;
				GCC_WARN_UNDECLARED_SELECTOR = YES;
				GCC_WARN_UNINITIALIZED_AUTOS = YES_AGGRESSIVE;
				GCC_WARN_UNUSED_FUNCTION = YES;
				GCC_WARN_UNUSED_VARIABLE = YES;
				MACOSX_DEPLOYMENT_TARGET = 26.0;
				MTL_ENABLE_DEBUG_INFO = NO;
				SDKROOT = macosx;
				SWIFT_COMPILATION_MODE = wholemodule;
				SWIFT_OPTIMIZATION_LEVEL = "-O";
			};
			name = Release;
		};
		49CF3B2E20CD7465001EBF94 /* Debug */ = {
			isa = XCBuildConfiguration;
			buildSettings = {
				ARCHS = "$(ARCHS_STANDARD)";
				ASSETCATALOG_COMPILER_APPICON_NAME = AppIcon;
				CLANG_ENABLE_MODULES = YES;
				CODE_SIGN_ENTITLEMENTS = Waypoint/Waypoint.entitlements;
				CODE_SIGN_IDENTITY = "Apple Development";
				DEVELOPMENT_TEAM = N48L43Q7F9;
				CODE_SIGN_STYLE = Manual;
				COMBINE_HIDPI_IMAGES = YES;
				COMPRESS_PNG_FILES = YES;
				CURRENT_PROJECT_VERSION = 1.116.2;
				ENABLE_HARDENED_RUNTIME = YES;
				FRAMEWORK_SEARCH_PATHS = (
					"$(inherited)",
					"$(PROJECT_DIR)/Waypoint/Support\\ Files",
					"$(PROJECT_DIR)/Waypoint/Support\\ Files",
					"$(PROJECT_DIR)/Waypoint/Support\\ Files",
					"$(PROJECT_DIR)/Waypoint/Support\\ Files",
				);
				INFOPLIST_FILE = Waypoint/Info.plist;
				LD_RUNPATH_SEARCH_PATHS = (
					"$(inherited)",
					"@executable_path/../Frameworks",
					"@loader_path/../Frameworks",
				);
				LIBRARY_SEARCH_PATHS = (
					"$(inherited)",
					"$(PROJECT_DIR)/Waypoint",
				);
				MACOSX_DEPLOYMENT_TARGET = 26.0;
				MARKETING_VERSION = 1.116.2;
				PRODUCT_BUNDLE_IDENTIFIER = org.waypnt.waypoint;
				PRODUCT_NAME = "$(TARGET_NAME)";
				PROVISIONING_PROFILE_SPECIFIER = "";
				STRIP_INSTALLED_PRODUCT = NO;
				STRIP_PNG_TEXT = YES;
				SWIFT_OBJC_BRIDGING_HEADER = "Waypoint/Waypoint-Bridging-Header.h";
				SWIFT_OPTIMIZATION_LEVEL = "-Onone";
				SWIFT_VERSION = 6.0;
			};
			name = Debug;
		};
		49CF3B2F20CD7465001EBF94 /* Release */ = {
			isa = XCBuildConfiguration;
			buildSettings = {
				ARCHS = "$(ARCHS_STANDARD)";
				ASSETCATALOG_COMPILER_APPICON_NAME = AppIcon;
				CLANG_ENABLE_MODULES = YES;
				CODE_SIGN_ENTITLEMENTS = Waypoint/Waypoint.entitlements;
				CODE_SIGN_IDENTITY = "Apple Development";
				DEVELOPMENT_TEAM = N48L43Q7F9;
				CODE_SIGN_STYLE = Manual;
				COMBINE_HIDPI_IMAGES = YES;
				COMPRESS_PNG_FILES = YES;
				COPY_PHASE_STRIP = YES;
				CURRENT_PROJECT_VERSION = 1.116.2;
				DEPLOYMENT_POSTPROCESSING = YES;
				ENABLE_HARDENED_RUNTIME = YES;
				FRAMEWORK_SEARCH_PATHS = (
					"$(inherited)",
					"$(PROJECT_DIR)/Waypoint/Support\\ Files",
					"$(PROJECT_DIR)/Waypoint/Support\\ Files",
					"$(PROJECT_DIR)/Waypoint/Support\\ Files",
					"$(PROJECT_DIR)/Waypoint/Support\\ Files",
				);
				INFOPLIST_FILE = Waypoint/Info.plist;
				LD_RUNPATH_SEARCH_PATHS = (
					"$(inherited)",
					"@executable_path/../Frameworks",
					"@loader_path/../Frameworks",
				);
				LIBRARY_SEARCH_PATHS = (
					"$(inherited)",
					"$(PROJECT_DIR)/Waypoint",
				);
				MACOSX_DEPLOYMENT_TARGET = 26.0;
				MARKETING_VERSION = 1.116.2;
				OTHER_CODE_SIGN_FLAGS = "--timestamp";
				PRODUCT_BUNDLE_IDENTIFIER = org.waypnt.waypoint;
				PRODUCT_NAME = "$(TARGET_NAME)";
				PROVISIONING_PROFILE_SPECIFIER = "";
				STRIP_INSTALLED_PRODUCT = YES;
				STRIP_PNG_TEXT = YES;
				SWIFT_OBJC_BRIDGING_HEADER = "Waypoint/Waypoint-Bridging-Header.h";
				SWIFT_VERSION = 6.0;
			};
			name = Release;
		};
		F9A7C06E2306E874007163C7 /* Debug */ = {
			isa = XCBuildConfiguration;
			buildSettings = {
				ARCHS = "$(ARCHS_STANDARD)";
				CODE_SIGN_ENTITLEMENTS = ProxyConfigHelper/org.waypnt.waypoint.ProxyConfigHelper.entitlements;
				CODE_SIGN_IDENTITY = "Apple Development";
				DEVELOPMENT_TEAM = N48L43Q7F9;
				CODE_SIGN_STYLE = Manual;
				ENABLE_HARDENED_RUNTIME = YES;
				INFOPLIST_FILE = "$(SRCROOT)/ProxyConfigHelper/Helper-Info.plist";
				MACOSX_DEPLOYMENT_TARGET = 26.0;
				MARKETING_VERSION = 1.6;
				MTL_ENABLE_DEBUG_INFO = INCLUDE_SOURCE;
				MTL_FAST_MATH = YES;
				OTHER_LDFLAGS = (
					"-sectcreate",
					__TEXT,
					__info_plist,
					"\"$(SRCROOT)/ProxyConfigHelper/Helper-Info.plist\"",
					"-sectcreate",
					__TEXT,
					__launchd_plist,
					"\"$(SRCROOT)/ProxyConfigHelper/Helper-Launchd.plist\"",
				);
				PRODUCT_BUNDLE_IDENTIFIER = org.waypnt.waypoint.ProxyConfigHelper;
				PRODUCT_NAME = "$(TARGET_NAME)";
				PROVISIONING_PROFILE_SPECIFIER = "";
				SKIP_INSTALL = YES;
			};
			name = Debug;
		};
		F9A7C06F2306E874007163C7 /* Release */ = {
			isa = XCBuildConfiguration;
			buildSettings = {
				ARCHS = "$(ARCHS_STANDARD)";
				CODE_SIGN_ENTITLEMENTS = ProxyConfigHelper/org.waypnt.waypoint.ProxyConfigHelper.entitlements;
				CODE_SIGN_IDENTITY = "Apple Development";
				DEVELOPMENT_TEAM = N48L43Q7F9;
				CODE_SIGN_STYLE = Manual;
				DEPLOYMENT_POSTPROCESSING = YES;
				ENABLE_HARDENED_RUNTIME = YES;
				INFOPLIST_FILE = "$(SRCROOT)/ProxyConfigHelper/Helper-Info.plist";
				MACOSX_DEPLOYMENT_TARGET = 26.0;
				MARKETING_VERSION = 1.6;
				MTL_FAST_MATH = YES;
				OTHER_LDFLAGS = (
					"-sectcreate",
					__TEXT,
					__info_plist,
					"\"$(SRCROOT)/ProxyConfigHelper/Helper-Info.plist\"",
					"-sectcreate",
					__TEXT,
					__launchd_plist,
					"\"$(SRCROOT)/ProxyConfigHelper/Helper-Launchd.plist\"",
				);
				PRODUCT_BUNDLE_IDENTIFIER = org.waypnt.waypoint.ProxyConfigHelper;
				PRODUCT_NAME = "$(TARGET_NAME)";
				PROVISIONING_PROFILE_SPECIFIER = "";
				SKIP_INSTALL = YES;
			};
			name = Release;
		};
/* End XCBuildConfiguration section */

/* Begin XCConfigurationList section */
		49CF3B1820CD7463001EBF94 /* Build configuration list for PBXProject "Waypoint" */ = {
			isa = XCConfigurationList;
			buildConfigurations = (
				49CF3B2B20CD7465001EBF94 /* Debug */,
				49CF3B2C20CD7465001EBF94 /* Release */,
			);
			defaultConfigurationIsVisible = 0;
			defaultConfigurationName = Release;
		};
		49CF3B2D20CD7465001EBF94 /* Build configuration list for PBXNativeTarget "Waypoint" */ = {
			isa = XCConfigurationList;
			buildConfigurations = (
				49CF3B2E20CD7465001EBF94 /* Debug */,
				49CF3B2F20CD7465001EBF94 /* Release */,
			);
			defaultConfigurationIsVisible = 0;
			defaultConfigurationName = Release;
		};
		F9A7C06D2306E874007163C7 /* Build configuration list for PBXNativeTarget "org.waypnt.waypoint.ProxyConfigHelper" */ = {
			isa = XCConfigurationList;
			buildConfigurations = (
				F9A7C06E2306E874007163C7 /* Debug */,
				F9A7C06F2306E874007163C7 /* Release */,
			);
			defaultConfigurationIsVisible = 0;
			defaultConfigurationName = Release;
		};
/* End XCConfigurationList section */

/* Begin XCRemoteSwiftPackageReference section */
		4905A2C62A2058D400AEDA2E /* XCRemoteSwiftPackageReference "KeyboardShortcuts" */ = {
			isa = XCRemoteSwiftPackageReference;
			repositoryURL = "https://github.com/sindresorhus/KeyboardShortcuts.git";
			requirement = {
				kind = upToNextMajorVersion;
				minimumVersion = 1.0.0;
			};
		};
		D1D10000000000000000CC01 /* XCRemoteSwiftPackageReference "Sparkle" */ = {
			isa = XCRemoteSwiftPackageReference;
			repositoryURL = "https://github.com/sparkle-project/Sparkle.git";
			requirement = {
				kind = upToNextMajorVersion;
				minimumVersion = 2.5.1;
			};
		};
		D1D10000000000000000CC03 /* XCRemoteSwiftPackageReference "FlexibleDiff" */ = {
			isa = XCRemoteSwiftPackageReference;
			repositoryURL = "https://github.com/RACCommunity/FlexibleDiff.git";
			requirement = {
				kind = upToNextMajorVersion;
				minimumVersion = 0.0.9;
			};
		};
		D1D10000000000000000CC04 /* XCRemoteSwiftPackageReference "GzipSwift" */ = {
			isa = XCRemoteSwiftPackageReference;
			repositoryURL = "https://github.com/1024jp/GzipSwift.git";
			requirement = {
				kind = upToNextMajorVersion;
				minimumVersion = 5.1.1;
			};
		};
/* End XCRemoteSwiftPackageReference section */

/* Begin XCLocalSwiftPackageReference section */
		E1E100000000000000000D37 /* XCLocalSwiftPackageReference "WaypointCore" */ = {
			isa = XCLocalSwiftPackageReference;
			relativePath = WaypointCore;
		};
		E1E100000000000000000D40 /* XCLocalSwiftPackageReference "WaypointNetworking" */ = {
			isa = XCLocalSwiftPackageReference;
			relativePath = WaypointNetworking;
		};
/* End XCLocalSwiftPackageReference section */
		4905A2C72A2058D400AEDA2E /* KeyboardShortcuts */ = {
			isa = XCSwiftPackageProductDependency;
			package = 4905A2C62A2058D400AEDA2E /* XCRemoteSwiftPackageReference "KeyboardShortcuts" */;
			productName = KeyboardShortcuts;
		};
		D2D20000000000000000BB01 /* Sparkle */ = {
			isa = XCSwiftPackageProductDependency;
			package = D1D10000000000000000CC01 /* XCRemoteSwiftPackageReference "Sparkle" */;
			productName = Sparkle;
		};
		D2D20000000000000000BB04 /* FlexibleDiff */ = {
			isa = XCSwiftPackageProductDependency;
			package = D1D10000000000000000CC03 /* XCRemoteSwiftPackageReference "FlexibleDiff" */;
			productName = FlexibleDiff;
		};
		D2D20000000000000000BB05 /* Gzip */ = {
			isa = XCSwiftPackageProductDependency;
			package = D1D10000000000000000CC04 /* XCRemoteSwiftPackageReference "GzipSwift" */;
			productName = Gzip;
		};
		E1E100000000000000000D38 /* WaypointCore */ = {
			isa = XCSwiftPackageProductDependency;
			productName = WaypointCore;
		};
		E1E100000000000000000D41 /* WaypointNetworking */ = {
			isa = XCSwiftPackageProductDependency;
			productName = WaypointNetworking;
		};
		E1E100000000000000000D51 /* WaypointMitmEngine */ = {
			isa = XCSwiftPackageProductDependency;
			productName = WaypointMitmEngine;
		};
/* End XCSwiftPackageProductDependency section */
	};
	rootObject = 49CF3B1520CD7463001EBF94 /* Project object */;
}
